{
  "lockfileVersion": 1,
  "workspaces": {
    "": {
      "name": "client",
      "dependencies": {
        "tinybase": "^5.4.8",
      },
      "devDependencies": {
        "@types/bun": "latest",
      },
      "peerDependencies": {
        "typescript": "^5.0.0",
      },
    },
  },
  "packages": {
    "@types/bun": ["@types/bun@1.2.2", "", { "dependencies": { "bun-types": "1.2.2" } }, "sha512-tr74gdku+AEDN5ergNiBnplr7hpDp3V1h7fqI2GcR/rsUaM39jpSeKH0TFibRvU0KwniRx5POgaYnaXbk0hU+w=="],

    "@types/node": ["@types/node@22.13.4", "", { "dependencies": { "undici-types": "~6.20.0" } }, "sha512-ywP2X0DYtX3y08eFVx5fNIw7/uIv8hYUKgXoK8oayJlLnKcRfEYCxWMVE1XagUdVtCJlZT1AU4LXEABW+L1Peg=="],

    "@types/ws": ["@types/ws@8.5.14", "", { "dependencies": { "@types/node": "*" } }, "sha512-bd/YFLW+URhBzMXurx7lWByOu+xzU9+kb3RboOteXYDfW+tr+JZa99OyNmPINEGB/ahzKrEuc8rcv4gnpJmxTw=="],

    "bun-types": ["bun-types@1.2.2", "", { "dependencies": { "@types/node": "*", "@types/ws": "~8.5.10" } }, "sha512-RCbMH5elr9gjgDGDhkTTugA21XtJAy/9jkKe/G3WR2q17VPGhcquf9Sir6uay9iW+7P/BV0CAHA1XlHXMAVKHg=="],

    "tinybase": ["tinybase@5.4.8", "", { "peerDependencies": { "@automerge/automerge-repo": "^1.2.1", "@cloudflare/workers-types": "^4.20250204.3", "@electric-sql/pglite": "^0.2.17", "@libsql/client": "^0.14.0", "@powersync/common": "^1.24.0", "@sqlite.org/sqlite-wasm": "^3.49.0-build3", "@vlcn.io/crsqlite-wasm": "^0.16.0", "electric-sql": "^0.12.1", "expo": "^52.0.4", "expo-sqlite": "^15.1.2", "partykit": "^0.0.111", "partysocket": "^1.0.2", "postgres": "^3.4.5", "prettier": "^3.5.1", "react": "^18.2.0", "react-dom": "^18.2.0", "sqlite3": "^5.1.7", "ws": "^8.18.0", "yjs": "^13.6.23" }, "optionalPeers": ["@automerge/automerge-repo", "@cloudflare/workers-types", "@electric-sql/pglite", "@libsql/client", "@powersync/common", "@sqlite.org/sqlite-wasm", "@vlcn.io/crsqlite-wasm", "electric-sql", "expo", "expo-sqlite", "partykit", "partysocket", "postgres", "prettier", "react", "react-dom", "sqlite3", "ws", "yjs"], "bin": { "tinybase": "cli/index.js" } }, "sha512-ahqJETFE2A5R0JnfWRQJj5YEfpCou9Lh5O5bnNhcxKocAI7sAt9bLLOoKz1hyk0Sb4X6rwTPZxJdQz9hyq6fnw=="],

    "typescript": ["typescript@5.7.3", "", { "bin": { "tsc": "bin/tsc", "tsserver": "bin/tsserver" } }, "sha512-84MVSjMEHP+FQRPy3pX9sTVV/INIex71s9TL2Gm5FG/WG1SqXeKyZ0k7/blY/4FdOzI12CBy1vGc4og/eus0fw=="],

    "undici-types": ["undici-types@6.20.0", "", {}, "sha512-Ny6QZ2Nju20vw1SRHe3d9jVu6gJ+4e3+MMpqu7pqE5HT6WsTSlce++GQmK5UXS8mzV8DSYHrQH+Xrf2jVcuKNg=="],
  }
}
